
Microsoft Visual Studio Solution File, Format Version 12.00
# Visual Studio Version 17
VisualStudioVersion = 17.4.33205.214
MinimumVisualStudioVersion = 10.0.40219.1
Project("{9A19103F-16F7-4668-BE54-9A1E7A4F7556}") = "EncounterTracker.Shared", "source\Shared\EncounterTracker.Shared.csproj", "{6F6BB4CB-7B40-45F9-B208-F90FD58A3C64}"
EndProject
Project("{9A19103F-16F7-4668-BE54-9A1E7A4F7556}") = "EncounterTracker.Tests", "source\Tests\EncounterTracker.Tests.csproj", "{6D3752DE-3E3B-420B-82F5-FB2DA09FCE2F}"
EndProject
Project("{9A19103F-16F7-4668-BE54-9A1E7A4F7556}") = "EncounterTracker.Data", "source\Data\EncounterTracker.Data.csproj", "{B9381583-6954-4888-991E-92ABFA0CC3CE}"
EndProject
Project("{2150E333-8FDC-42A3-9474-1A3956D46DE8}") = "SampleData", "SampleData", "{3A71CFE1-BC00-487E-825B-3035E3B0362D}"
	ProjectSection(SolutionItems) = preProject
		SampleData\improved-initiative-old.json = SampleData\improved-initiative-old.json
		SampleData\improved-initiative.json = SampleData\improved-initiative.json
	EndProjectSection
EndProject
Project("{9A19103F-16F7-4668-BE54-9A1E7A4F7556}") = "EncounterTracker.ImprovedInitiativeImporter", "source\EncounterTracker.ImprovedInitiativeImporter\EncounterTracker.ImprovedInitiativeImporter.csproj", "{EA2D0D5A-DC6E-4C46-9ED6-0367DE732620}"
EndProject
Project("{9A19103F-16F7-4668-BE54-9A1E7A4F7556}") = "EncounterTracker.Open5E", "source\EncounterTracker.Open5E\EncounterTracker.Open5E.csproj", "{4D8B9653-EC87-46E9-8A4C-3AEE59D8A297}"
EndProject
Project("{2150E333-8FDC-42A3-9474-1A3956D46DE8}") = "Open5e", "Open5e", "{A19B3E1C-AA90-4A6B-9CCA-124072FDB56B}"
	ProjectSection(SolutionItems) = preProject
		SampleData\Open5e\monsters.json = SampleData\Open5e\monsters.json
	EndProjectSection
EndProject
Project("{9A19103F-16F7-4668-BE54-9A1E7A4F7556}") = "EncounterTracker.Cli", "source\EncounterTracker.Cli\EncounterTracker.Cli.csproj", "{42BA43CB-0275-4113-A8F7-AA094FBBF4BB}"
EndProject
Global
	GlobalSection(SolutionConfigurationPlatforms) = preSolution
		Debug|Any CPU = Debug|Any CPU
		Release|Any CPU = Release|Any CPU
	EndGlobalSection
	GlobalSection(ProjectConfigurationPlatforms) = postSolution
		{6F6BB4CB-7B40-45F9-B208-F90FD58A3C64}.Debug|Any CPU.ActiveCfg = Debug|Any CPU
		{6F6BB4CB-7B40-45F9-B208-F90FD58A3C64}.Debug|Any CPU.Build.0 = Debug|Any CPU
		{6F6BB4CB-7B40-45F9-B208-F90FD58A3C64}.Release|Any CPU.ActiveCfg = Release|Any CPU
		{6F6BB4CB-7B40-45F9-B208-F90FD58A3C64}.Release|Any CPU.Build.0 = Release|Any CPU
		{6D3752DE-3E3B-420B-82F5-FB2DA09FCE2F}.Debug|Any CPU.ActiveCfg = Debug|Any CPU
		{6D3752DE-3E3B-420B-82F5-FB2DA09FCE2F}.Debug|Any CPU.Build.0 = Debug|Any CPU
		{6D3752DE-3E3B-420B-82F5-FB2DA09FCE2F}.Release|Any CPU.ActiveCfg = Release|Any CPU
		{6D3752DE-3E3B-420B-82F5-FB2DA09FCE2F}.Release|Any CPU.Build.0 = Release|Any CPU
		{B9381583-6954-4888-991E-92ABFA0CC3CE}.Debug|Any CPU.ActiveCfg = Debug|Any CPU
		{B9381583-6954-4888-991E-92ABFA0CC3CE}.Debug|Any CPU.Build.0 = Debug|Any CPU
		{B9381583-6954-4888-991E-92ABFA0CC3CE}.Release|Any CPU.ActiveCfg = Release|Any CPU
		{B9381583-6954-4888-991E-92ABFA0CC3CE}.Release|Any CPU.Build.0 = Release|Any CPU
		{EA2D0D5A-DC6E-4C46-9ED6-0367DE732620}.Debug|Any CPU.ActiveCfg = Debug|Any CPU
		{EA2D0D5A-DC6E-4C46-9ED6-0367DE732620}.Debug|Any CPU.Build.0 = Debug|Any CPU
		{EA2D0D5A-DC6E-4C46-9ED6-0367DE732620}.Release|Any CPU.ActiveCfg = Release|Any CPU
		{EA2D0D5A-DC6E-4C46-9ED6-0367DE732620}.Release|Any CPU.Build.0 = Release|Any CPU
		{4D8B9653-EC87-46E9-8A4C-3AEE59D8A297}.Debug|Any CPU.ActiveCfg = Debug|Any CPU
		{4D8B9653-EC87-46E9-8A4C-3AEE59D8A297}.Debug|Any CPU.Build.0 = Debug|Any CPU
		{4D8B9653-EC87-46E9-8A4C-3AEE59D8A297}.Release|Any CPU.ActiveCfg = Release|Any CPU
		{4D8B9653-EC87-46E9-8A4C-3AEE59D8A297}.Release|Any CPU.Build.0 = Release|Any CPU
		{42BA43CB-0275-4113-A8F7-AA094FBBF4BB}.Debug|Any CPU.ActiveCfg = Debug|Any CPU
		{42BA43CB-0275-4113-A8F7-AA094FBBF4BB}.Debug|Any CPU.Build.0 = Debug|Any CPU
		{42BA43CB-0275-4113-A8F7-AA094FBBF4BB}.Release|Any CPU.ActiveCfg = Release|Any CPU
		{42BA43CB-0275-4113-A8F7-AA094FBBF4BB}.Release|Any CPU.Build.0 = Release|Any CPU
	EndGlobalSection
	GlobalSection(SolutionProperties) = preSolution
		HideSolutionNode = FALSE
	EndGlobalSection
	GlobalSection(NestedProjects) = preSolution
		{A19B3E1C-AA90-4A6B-9CCA-124072FDB56B} = {3A71CFE1-BC00-487E-825B-3035E3B0362D}
	EndGlobalSection
	GlobalSection(ExtensibilityGlobals) = postSolution
		SolutionGuid = {347375BF-4101-4F8A-9F2A-376198F10B7D}
	EndGlobalSection
EndGlobal
